{
  "name": "rehab",
  "lockfileVersion": 3,
  "requires": true,
  "packages": {
    "": {
      "dependencies": {
        "@clerk/clerk-react": "^4.30.9",
        "extendable-media-recorder": "^9.2.0",
        "react-media-recorder": "^1.6.6",
        "react-webcam": "^7.2.0"
      }
    },
    "node_modules/@babel/runtime": {
      "version": "7.24.4",
      "resolved": "https://registry.npmjs.org/@babel/runtime/-/runtime-7.24.4.tgz",
      "integrity": "sha512-dkxf7+hn8mFBwKjs9bvBlArzLVxVbS8usaPUDd5p2a9JCL9tB8OaOVN1isD4+Xyk4ns89/xeOmbQvgdK7IIVdA==",
      "dependencies": {
        "regenerator-runtime": "^0.14.0"
      },
      "engines": {
        "node": ">=6.9.0"
      }
    },
    "node_modules/@clerk/clerk-react": {
      "version": "4.30.9",
      "resolved": "https://registry.npmjs.org/@clerk/clerk-react/-/clerk-react-4.30.9.tgz",
      "integrity": "sha512-UWY+XmpbKjkABgmyfy2FUiTQQiN8QSdzyswPoTO9QyosXMZZp+vo/UhVor5V2kIeBoPibyW01oG/Nor2l0a7sA==",
      "dependencies": {
        "@clerk/shared": "1.4.1",
        "@clerk/types": "3.63.0",
        "tslib": "2.4.1"
      },
      "engines": {
        "node": ">=14"
      },
      "peerDependencies": {
        "react": ">=16"
      }
    },
    "node_modules/@clerk/shared": {
      "version": "1.4.1",
      "resolved": "https://registry.npmjs.org/@clerk/shared/-/shared-1.4.1.tgz",
      "integrity": "sha512-3rlZy0Hadnb1dw6x+4MGEC7dpZLlIVY3mZTwWRRS4CILWowVAccwfW84paN2XNlM12lJgMc+w66WNdw19XFtpg==",
      "dependencies": {
        "glob-to-regexp": "0.4.1",
        "js-cookie": "3.0.1",
        "swr": "2.2.0"
      },
      "peerDependencies": {
        "react": ">=16"
      },
      "peerDependenciesMeta": {
        "react": {
          "optional": true
        }
      }
    },
    "node_modules/@clerk/types": {
      "version": "3.63.0",
      "resolved": "https://registry.npmjs.org/@clerk/types/-/types-3.63.0.tgz",
      "integrity": "sha512-+32fWK+lUG2u0hVaoQ3aZ+j2T/LhF3yNNylBrkD1Kca/goLb+NB/nmw6Svs0Q810FK/uYgqWlXvABPhgILeQFA==",
      "dependencies": {
        "csstype": "3.1.1"
      },
      "engines": {
        "node": ">=14"
      }
    },
    "node_modules/automation-events": {
      "version": "7.0.4",
      "resolved": "https://registry.npmjs.org/automation-events/-/automation-events-7.0.4.tgz",
      "integrity": "sha512-uM5VFyhksP/GzzOuGi/ygeI16ked+IA5enGLH9b+BvxUSDnfAWC54RZnnem/iprEKtuWV29FX5gvYcesPAgPAw==",
      "dependencies": {
        "@babel/runtime": "^7.24.4",
        "tslib": "^2.6.2"
      },
      "engines": {
        "node": ">=18.2.0"
      }
    },
    "node_modules/automation-events/node_modules/tslib": {
      "version": "2.6.2",
      "resolved": "https://registry.npmjs.org/tslib/-/tslib-2.6.2.tgz",
      "integrity": "sha512-AEYxH93jGFPn/a2iVAwW87VuUIkR1FVUKB77NwMF7nBTDkDrrT/Hpt/IrCJ0QXhW27jTBDcf5ZY7w6RiqTMw2Q=="
    },
    "node_modules/broker-factory": {
      "version": "3.0.97",
      "resolved": "https://registry.npmjs.org/broker-factory/-/broker-factory-3.0.97.tgz",
      "integrity": "sha512-a/qE6k3cyjPvoWXmFpK/DgCqlWJX8vX2nPv5BOD2QCppjTxmQCSKh6XEP3A6B/nM1c4SbqWFq65Dy9KS6Q25UA==",
      "dependencies": {
        "@babel/runtime": "^7.24.4",
        "fast-unique-numbers": "^9.0.4",
        "tslib": "^2.6.2",
        "worker-factory": "^7.0.24"
      }
    },
    "node_modules/broker-factory/node_modules/tslib": {
      "version": "2.6.2",
      "resolved": "https://registry.npmjs.org/tslib/-/tslib-2.6.2.tgz",
      "integrity": "sha512-AEYxH93jGFPn/a2iVAwW87VuUIkR1FVUKB77NwMF7nBTDkDrrT/Hpt/IrCJ0QXhW27jTBDcf5ZY7w6RiqTMw2Q=="
    },
    "node_modules/compilerr": {
      "version": "10.0.2",
      "resolved": "https://registry.npmjs.org/compilerr/-/compilerr-10.0.2.tgz",
      "integrity": "sha512-CFwUXxJ9OuWsSvnLSbefxi+GLsZ0YnuJh40ry5QdmZ1FWK59OG+QB8XSj6t7Kq+/c5DSS7en+cML6GlzHKH58A==",
      "dependencies": {
        "@babel/runtime": "^7.21.0",
        "dashify": "^2.0.0",
        "indefinite-article": "0.0.2",
        "tslib": "^2.5.0"
      },
      "engines": {
        "node": ">=14.15.4"
      }
    },
    "node_modules/compilerr/node_modules/tslib": {
      "version": "2.6.2",
      "resolved": "https://registry.npmjs.org/tslib/-/tslib-2.6.2.tgz",
      "integrity": "sha512-AEYxH93jGFPn/a2iVAwW87VuUIkR1FVUKB77NwMF7nBTDkDrrT/Hpt/IrCJ0QXhW27jTBDcf5ZY7w6RiqTMw2Q=="
    },
    "node_modules/csstype": {
      "version": "3.1.1",
      "resolved": "https://registry.npmjs.org/csstype/-/csstype-3.1.1.tgz",
      "integrity": "sha512-DJR/VvkAvSZW9bTouZue2sSxDwdTN92uHjqeKVm+0dAqdfNykRzQ95tay8aXMBAAPpUiq4Qcug2L7neoRh2Egw=="
    },
    "node_modules/dashify": {
      "version": "2.0.0",
      "resolved": "https://registry.npmjs.org/dashify/-/dashify-2.0.0.tgz",
      "integrity": "sha512-hpA5C/YrPjucXypHPPc0oJ1l9Hf6wWbiOL7Ik42cxnsUOhWiCB/fylKbKqqJalW9FgkNQCw16YO8uW9Hs0Iy1A==",
      "engines": {
        "node": ">=4"
      }
    },
    "node_modules/extendable-media-recorder": {
      "version": "9.2.0",
      "resolved": "https://registry.npmjs.org/extendable-media-recorder/-/extendable-media-recorder-9.2.0.tgz",
      "integrity": "sha512-0W6Ucgwcubb2TfdSC8H/cUNsJPsV3R3eJS4lXRG26PjT5Xnl5fbul7cM2RT9NACHIRSasc/AHrsfj5WrjKB+qA==",
      "dependencies": {
        "@babel/runtime": "^7.24.4",
        "media-encoder-host": "^8.1.0",
        "multi-buffer-data-view": "^6.0.4",
        "recorder-audio-worklet": "^6.0.26",
        "standardized-audio-context": "^25.3.70",
        "subscribable-things": "^2.1.35",
        "tslib": "^2.6.2"
      }
    },
    "node_modules/extendable-media-recorder-wav-encoder": {
      "version": "7.0.109",
      "resolved": "https://registry.npmjs.org/extendable-media-recorder-wav-encoder/-/extendable-media-recorder-wav-encoder-7.0.109.tgz",
      "integrity": "sha512-QBl6f0/6JanrpxLpPYbFFJ15o3h6mD3b5SFESN8tm8JFQ2MLeY1HiHdwbksTU9ToV2aBaGpZkSksQHB69Lz73g==",
      "dependencies": {
        "@babel/runtime": "^7.24.4",
        "extendable-media-recorder-wav-encoder-broker": "^7.0.100",
        "extendable-media-recorder-wav-encoder-worker": "^8.0.97",
        "tslib": "^2.6.2"
      }
    },
    "node_modules/extendable-media-recorder-wav-encoder-broker": {
      "version": "7.0.100",
      "resolved": "https://registry.npmjs.org/extendable-media-recorder-wav-encoder-broker/-/extendable-media-recorder-wav-encoder-broker-7.0.100.tgz",
      "integrity": "sha512-82iO2NC0S1VaGr+Qeb91irLT4TktCFi+NNJLXP4pY++SX6OIPQqtKfRJIS+Zum0t2aBNlTOe2KtKvwiSbErYVw==",
      "dependencies": {
        "@babel/runtime": "^7.24.4",
        "broker-factory": "^3.0.97",
        "extendable-media-recorder-wav-encoder-worker": "^8.0.97",
        "tslib": "^2.6.2"
      }
    },
    "node_modules/extendable-media-recorder-wav-encoder-broker/node_modules/tslib": {
      "version": "2.6.2",
      "resolved": "https://registry.npmjs.org/tslib/-/tslib-2.6.2.tgz",
      "integrity": "sha512-AEYxH93jGFPn/a2iVAwW87VuUIkR1FVUKB77NwMF7nBTDkDrrT/Hpt/IrCJ0QXhW27jTBDcf5ZY7w6RiqTMw2Q=="
    },
    "node_modules/extendable-media-recorder-wav-encoder-worker": {
      "version": "8.0.97",
      "resolved": "https://registry.npmjs.org/extendable-media-recorder-wav-encoder-worker/-/extendable-media-recorder-wav-encoder-worker-8.0.97.tgz",
      "integrity": "sha512-n1/pNu+n050fbShvBR10GHOjhMWQjX/+OEDi5EUmwiIkeOu4FdprjWirKc4XN+Htjd65fEdb0KPQe4Z3BH0dig==",
      "dependencies": {
        "@babel/runtime": "^7.24.4",
        "tslib": "^2.6.2",
        "worker-factory": "^7.0.24"
      }
    },
    "node_modules/extendable-media-recorder-wav-encoder-worker/node_modules/tslib": {
      "version": "2.6.2",
      "resolved": "https://registry.npmjs.org/tslib/-/tslib-2.6.2.tgz",
      "integrity": "sha512-AEYxH93jGFPn/a2iVAwW87VuUIkR1FVUKB77NwMF7nBTDkDrrT/Hpt/IrCJ0QXhW27jTBDcf5ZY7w6RiqTMw2Q=="
    },
    "node_modules/extendable-media-recorder-wav-encoder/node_modules/tslib": {
      "version": "2.6.2",
      "resolved": "https://registry.npmjs.org/tslib/-/tslib-2.6.2.tgz",
      "integrity": "sha512-AEYxH93jGFPn/a2iVAwW87VuUIkR1FVUKB77NwMF7nBTDkDrrT/Hpt/IrCJ0QXhW27jTBDcf5ZY7w6RiqTMw2Q=="
    },
    "node_modules/extendable-media-recorder/node_modules/tslib": {
      "version": "2.6.2",
      "resolved": "https://registry.npmjs.org/tslib/-/tslib-2.6.2.tgz",
      "integrity": "sha512-AEYxH93jGFPn/a2iVAwW87VuUIkR1FVUKB77NwMF7nBTDkDrrT/Hpt/IrCJ0QXhW27jTBDcf5ZY7w6RiqTMw2Q=="
    },
    "node_modules/fast-unique-numbers": {
      "version": "9.0.4",
      "resolved": "https://registry.npmjs.org/fast-unique-numbers/-/fast-unique-numbers-9.0.4.tgz",
      "integrity": "sha512-bkRylq38CCKvE9y8zNGlWQPhKcAq+GldEwaoLg+YmBsUyRPUGB0TIWh6uaM3Dbje4u0ASretVYhYar3t68YX+A==",
      "dependencies": {
        "@babel/runtime": "^7.24.4",
        "tslib": "^2.6.2"
      },
      "engines": {
        "node": ">=18.2.0"
      }
    },
    "node_modules/fast-unique-numbers/node_modules/tslib": {
      "version": "2.6.2",
      "resolved": "https://registry.npmjs.org/tslib/-/tslib-2.6.2.tgz",
      "integrity": "sha512-AEYxH93jGFPn/a2iVAwW87VuUIkR1FVUKB77NwMF7nBTDkDrrT/Hpt/IrCJ0QXhW27jTBDcf5ZY7w6RiqTMw2Q=="
    },
    "node_modules/glob-to-regexp": {
      "version": "0.4.1",
      "resolved": "https://registry.npmjs.org/glob-to-regexp/-/glob-to-regexp-0.4.1.tgz",
      "integrity": "sha512-lkX1HJXwyMcprw/5YUZc2s7DrpAiHB21/V+E1rHUrVNokkvB6bqMzT0VfV6/86ZNabt1k14YOIaT7nDvOX3Iiw=="
    },
    "node_modules/indefinite-article": {
      "version": "0.0.2",
      "resolved": "https://registry.npmjs.org/indefinite-article/-/indefinite-article-0.0.2.tgz",
      "integrity": "sha512-Au/2XzRkvxq2J6w5uvSSbBKPZ5kzINx5F2wb0SF8xpRL8BP9Lav81TnRbfPp6p+SYjYxwaaLn4EUwI3/MmYKSw=="
    },
    "node_modules/js-cookie": {
      "version": "3.0.1",
      "resolved": "https://registry.npmjs.org/js-cookie/-/js-cookie-3.0.1.tgz",
      "integrity": "sha512-+0rgsUXZu4ncpPxRL+lNEptWMOWl9etvPHc/koSRp6MPwpRYAhmk0dUG00J4bxVV3r9uUzfo24wW0knS07SKSw==",
      "engines": {
        "node": ">=12"
      }
    },
    "node_modules/js-tokens": {
      "version": "4.0.0",
      "resolved": "https://registry.npmjs.org/js-tokens/-/js-tokens-4.0.0.tgz",
      "integrity": "sha512-RdJUflcE3cUzKiMqQgsCu06FPu9UdIJO0beYbPhHN4k6apgJtifcoCtT9bcxOpYBtpD2kCM6Sbzg4CausW/PKQ==",
      "peer": true
    },
    "node_modules/loose-envify": {
      "version": "1.4.0",
      "resolved": "https://registry.npmjs.org/loose-envify/-/loose-envify-1.4.0.tgz",
      "integrity": "sha512-lyuxPGr/Wfhrlem2CL/UcnUc1zcqKAImBDzukY7Y5F/yQiNdko6+fRLevlw1HgMySw7f611UIY408EtxRSoK3Q==",
      "peer": true,
      "dependencies": {
        "js-tokens": "^3.0.0 || ^4.0.0"
      },
      "bin": {
        "loose-envify": "cli.js"
      }
    },
    "node_modules/media-encoder-host": {
      "version": "8.1.0",
      "resolved": "https://registry.npmjs.org/media-encoder-host/-/media-encoder-host-8.1.0.tgz",
      "integrity": "sha512-VwX3ex48ltl+K1ObGEq3IcZp/XqpNTWemd9brC9ovo89rYmCRKTZAp1FCyfAY86RdvSMrUs26lbo45DIDVyERg==",
      "dependencies": {
        "@babel/runtime": "^7.24.4",
        "media-encoder-host-broker": "^7.1.0",
        "media-encoder-host-worker": "^9.2.0",
        "tslib": "^2.6.2"
      }
    },
    "node_modules/media-encoder-host-broker": {
      "version": "7.1.0",
      "resolved": "https://registry.npmjs.org/media-encoder-host-broker/-/media-encoder-host-broker-7.1.0.tgz",
      "integrity": "sha512-Emu3f45Wbf6AoRJxfvZ8e5nh8fRVviBfkABgYNvVUsVBgJ7+l137gn324g/JmNVQhhVQ89fjmGT1kHIJ9JG5Nw==",
      "dependencies": {
        "@babel/runtime": "^7.24.4",
        "broker-factory": "^3.0.97",
        "fast-unique-numbers": "^9.0.4",
        "media-encoder-host-worker": "^9.2.0",
        "tslib": "^2.6.2"
      }
    },
    "node_modules/media-encoder-host-broker/node_modules/tslib": {
      "version": "2.6.2",
      "resolved": "https://registry.npmjs.org/tslib/-/tslib-2.6.2.tgz",
      "integrity": "sha512-AEYxH93jGFPn/a2iVAwW87VuUIkR1FVUKB77NwMF7nBTDkDrrT/Hpt/IrCJ0QXhW27jTBDcf5ZY7w6RiqTMw2Q=="
    },
    "node_modules/media-encoder-host-worker": {
      "version": "9.2.0",
      "resolved": "https://registry.npmjs.org/media-encoder-host-worker/-/media-encoder-host-worker-9.2.0.tgz",
      "integrity": "sha512-LrJJgNBDZH2y1PYBLaiYQw9uFU5i3yPvDkDxdko+L3Z4qzhKq9+4eYxKDqlwO4EdOlaiggvMpkgZl3roOniz2A==",
      "dependencies": {
        "@babel/runtime": "^7.24.4",
        "extendable-media-recorder-wav-encoder-broker": "^7.0.100",
        "tslib": "^2.6.2",
        "worker-factory": "^7.0.24"
      }
    },
    "node_modules/media-encoder-host-worker/node_modules/tslib": {
      "version": "2.6.2",
      "resolved": "https://registry.npmjs.org/tslib/-/tslib-2.6.2.tgz",
      "integrity": "sha512-AEYxH93jGFPn/a2iVAwW87VuUIkR1FVUKB77NwMF7nBTDkDrrT/Hpt/IrCJ0QXhW27jTBDcf5ZY7w6RiqTMw2Q=="
    },
    "node_modules/media-encoder-host/node_modules/tslib": {
      "version": "2.6.2",
      "resolved": "https://registry.npmjs.org/tslib/-/tslib-2.6.2.tgz",
      "integrity": "sha512-AEYxH93jGFPn/a2iVAwW87VuUIkR1FVUKB77NwMF7nBTDkDrrT/Hpt/IrCJ0QXhW27jTBDcf5ZY7w6RiqTMw2Q=="
    },
    "node_modules/multi-buffer-data-view": {
      "version": "6.0.4",
      "resolved": "https://registry.npmjs.org/multi-buffer-data-view/-/multi-buffer-data-view-6.0.4.tgz",
      "integrity": "sha512-7ajyxFa35tnCMY8vq/mZ611IUNE5K1g3vr1xfmA0p3j2QNVwSwafpc55D4Cv2n9FfHlDxMNufuUzUPaPTTKS/w==",
      "dependencies": {
        "@babel/runtime": "^7.24.4",
        "tslib": "^2.6.2"
      },
      "engines": {
        "node": ">=18.2.0"
      }
    },
    "node_modules/multi-buffer-data-view/node_modules/tslib": {
      "version": "2.6.2",
      "resolved": "https://registry.npmjs.org/tslib/-/tslib-2.6.2.tgz",
      "integrity": "sha512-AEYxH93jGFPn/a2iVAwW87VuUIkR1FVUKB77NwMF7nBTDkDrrT/Hpt/IrCJ0QXhW27jTBDcf5ZY7w6RiqTMw2Q=="
    },
    "node_modules/react": {
      "version": "18.2.0",
      "resolved": "https://registry.npmjs.org/react/-/react-18.2.0.tgz",
      "integrity": "sha512-/3IjMdb2L9QbBdWiW5e3P2/npwMBaU9mHCSCUzNln0ZCYbcfTsGbTJrU/kGemdH2IWmB2ioZ+zkxtmq6g09fGQ==",
      "peer": true,
      "dependencies": {
        "loose-envify": "^1.1.0"
      },
      "engines": {
        "node": ">=0.10.0"
      }
    },
    "node_modules/react-dom": {
      "version": "18.2.0",
      "resolved": "https://registry.npmjs.org/react-dom/-/react-dom-18.2.0.tgz",
      "integrity": "sha512-6IMTriUmvsjHUjNtEDudZfuDQUoWXVxKHhlEGSk81n4YFS+r/Kl99wXiwlVXtPBtJenozv2P+hxDsw9eA7Xo6g==",
      "peer": true,
      "dependencies": {
        "loose-envify": "^1.1.0",
        "scheduler": "^0.23.0"
      },
      "peerDependencies": {
        "react": "^18.2.0"
      }
    },
    "node_modules/react-media-recorder": {
      "version": "1.6.6",
      "resolved": "https://registry.npmjs.org/react-media-recorder/-/react-media-recorder-1.6.6.tgz",
      "integrity": "sha512-VdC4bUINMWJyqOAHw1DaZ8HZhdCyVBK85zJ4cHMo9tsrekui3wq5ZxNtBmNe6nbAFQBTNj/pRnLEsiVrCW+TNQ==",
      "dependencies": {
        "extendable-media-recorder": "^6.6.5",
        "extendable-media-recorder-wav-encoder": "^7.0.68"
      }
    },
    "node_modules/react-media-recorder/node_modules/extendable-media-recorder": {
      "version": "6.6.10",
      "resolved": "https://registry.npmjs.org/extendable-media-recorder/-/extendable-media-recorder-6.6.10.tgz",
      "integrity": "sha512-gnSmLqDFq40ZdbGfuarnMLNqYPLCPpPr0p21V+g67wG4Pv2oCc/ga8sfsZrEM5GywEi7FcpyRm3z99JWZ/0aPw==",
      "dependencies": {
        "@babel/runtime": "^7.18.9",
        "media-encoder-host": "^8.0.76",
        "multi-buffer-data-view": "^3.0.20",
        "recorder-audio-worklet": "^5.1.26",
        "standardized-audio-context": "^25.3.29",
        "subscribable-things": "^2.1.6",
        "tslib": "^2.4.0"
      }
    },
    "node_modules/react-media-recorder/node_modules/fast-unique-numbers": {
      "version": "7.0.2",
      "resolved": "https://registry.npmjs.org/fast-unique-numbers/-/fast-unique-numbers-7.0.2.tgz",
      "integrity": "sha512-xnqpsnu889bHbq5cbDMwCJ2BPf6kjFPMu+RHfqKvisRxeEbTOVxY5aW/ZNsZ/r8OlwatxmjdFEVQog2xAhLkvg==",
      "dependencies": {
        "@babel/runtime": "^7.21.0",
        "tslib": "^2.5.0"
      },
      "engines": {
        "node": ">=14.15.4"
      }
    },
    "node_modules/react-media-recorder/node_modules/multi-buffer-data-view": {
      "version": "3.0.24",
      "resolved": "https://registry.npmjs.org/multi-buffer-data-view/-/multi-buffer-data-view-3.0.24.tgz",
      "integrity": "sha512-jm7Ycplx37ExXyQmqhwl7zfQmAj81y5LLzVx0XyWea4omP9W/xJhLEHs/5b+WojGyYSRt8BHiXZVcYzu68Ma0Q==",
      "dependencies": {
        "@babel/runtime": "^7.20.6",
        "tslib": "^2.4.1"
      },
      "engines": {
        "node": ">=12.20.1"
      }
    },
    "node_modules/react-media-recorder/node_modules/recorder-audio-worklet": {
      "version": "5.1.39",
      "resolved": "https://registry.npmjs.org/recorder-audio-worklet/-/recorder-audio-worklet-5.1.39.tgz",
      "integrity": "sha512-w/RazoBwZnkFnEPRsJYNThOHznLQC98/IzWRrutpJQVvCcL0nbLsVSLDaRrnrqVpRUI11VgiXRh30HaHiSdVhQ==",
      "dependencies": {
        "@babel/runtime": "^7.21.0",
        "broker-factory": "^3.0.75",
        "fast-unique-numbers": "^7.0.2",
        "recorder-audio-worklet-processor": "^4.2.21",
        "standardized-audio-context": "^25.3.41",
        "subscribable-things": "^2.1.14",
        "tslib": "^2.5.0",
        "worker-factory": "^6.0.76"
      }
    },
    "node_modules/react-media-recorder/node_modules/recorder-audio-worklet-processor": {
      "version": "4.2.21",
      "resolved": "https://registry.npmjs.org/recorder-audio-worklet-processor/-/recorder-audio-worklet-processor-4.2.21.tgz",
      "integrity": "sha512-oiiS2sp6eMxkvjt13yetSYUJvnAxBZk60mIxz0Vf/2lDWa/4svCyMLHIDzYKbHahkISd0UYyqLS9dI7xDlUOCA==",
      "dependencies": {
        "@babel/runtime": "^7.21.0",
        "tslib": "^2.5.0"
      }
    },
    "node_modules/react-media-recorder/node_modules/tslib": {
      "version": "2.6.2",
      "resolved": "https://registry.npmjs.org/tslib/-/tslib-2.6.2.tgz",
      "integrity": "sha512-AEYxH93jGFPn/a2iVAwW87VuUIkR1FVUKB77NwMF7nBTDkDrrT/Hpt/IrCJ0QXhW27jTBDcf5ZY7w6RiqTMw2Q=="
    },
    "node_modules/react-media-recorder/node_modules/worker-factory": {
      "version": "6.0.76",
      "resolved": "https://registry.npmjs.org/worker-factory/-/worker-factory-6.0.76.tgz",
      "integrity": "sha512-W1iBNPmE9p0asU4aFmYJYCnMxhkvk4qlKc660GlHxWgmflY64NxxTbmKqipu4K5p9LiKKPjqXfcQme6153BZEQ==",
      "dependencies": {
        "@babel/runtime": "^7.21.0",
        "compilerr": "^10.0.2",
        "fast-unique-numbers": "^7.0.2",
        "tslib": "^2.5.0"
      }
    },
    "node_modules/react-webcam": {
      "version": "7.2.0",
      "resolved": "https://registry.npmjs.org/react-webcam/-/react-webcam-7.2.0.tgz",
      "integrity": "sha512-xkrzYPqa1ag2DP+2Q/kLKBmCIfEx49bVdgCCCcZf88oF+0NPEbkwYk3/s/C7Zy0mhM8k+hpdNkBLzxg8H0aWcg==",
      "peerDependencies": {
        "react": ">=16.2.0",
        "react-dom": ">=16.2.0"
      }
    },
    "node_modules/recorder-audio-worklet": {
      "version": "6.0.26",
      "resolved": "https://registry.npmjs.org/recorder-audio-worklet/-/recorder-audio-worklet-6.0.26.tgz",
      "integrity": "sha512-rWoV//ns+GfoEIzS1imjPqPfmLJx+20NcYwzfPt8VSaYG4Uupgwsj9NOXq16XxKAWFxV6yg7NW46R01h84cxOw==",
      "dependencies": {
        "@babel/runtime": "^7.24.4",
        "broker-factory": "^3.0.97",
        "fast-unique-numbers": "^9.0.4",
        "recorder-audio-worklet-processor": "^5.0.18",
        "standardized-audio-context": "^25.3.70",
        "subscribable-things": "^2.1.35",
        "tslib": "^2.6.2",
        "worker-factory": "^7.0.24"
      }
    },
    "node_modules/recorder-audio-worklet-processor": {
      "version": "5.0.18",
      "resolved": "https://registry.npmjs.org/recorder-audio-worklet-processor/-/recorder-audio-worklet-processor-5.0.18.tgz",
      "integrity": "sha512-HXJIQuKpdUiXz9ha+fDoodmIbdcs5tjJN5ZX0ak2uJqoODrO83eSvobFMhbDXOmkN3z4s5BpZVgguZdklHs9ng==",
      "dependencies": {
        "@babel/runtime": "^7.24.4",
        "tslib": "^2.6.2"
      }
    },
    "node_modules/recorder-audio-worklet-processor/node_modules/tslib": {
      "version": "2.6.2",
      "resolved": "https://registry.npmjs.org/tslib/-/tslib-2.6.2.tgz",
      "integrity": "sha512-AEYxH93jGFPn/a2iVAwW87VuUIkR1FVUKB77NwMF7nBTDkDrrT/Hpt/IrCJ0QXhW27jTBDcf5ZY7w6RiqTMw2Q=="
    },
    "node_modules/recorder-audio-worklet/node_modules/tslib": {
      "version": "2.6.2",
      "resolved": "https://registry.npmjs.org/tslib/-/tslib-2.6.2.tgz",
      "integrity": "sha512-AEYxH93jGFPn/a2iVAwW87VuUIkR1FVUKB77NwMF7nBTDkDrrT/Hpt/IrCJ0QXhW27jTBDcf5ZY7w6RiqTMw2Q=="
    },
    "node_modules/regenerator-runtime": {
      "version": "0.14.1",
      "resolved": "https://registry.npmjs.org/regenerator-runtime/-/regenerator-runtime-0.14.1.tgz",
      "integrity": "sha512-dYnhHh0nJoMfnkZs6GmmhFknAGRrLznOu5nc9ML+EJxGvrx6H7teuevqVqCuPcPK//3eDrrjQhehXVx9cnkGdw=="
    },
    "node_modules/rxjs-interop": {
      "version": "2.0.0",
      "resolved": "https://registry.npmjs.org/rxjs-interop/-/rxjs-interop-2.0.0.tgz",
      "integrity": "sha512-ASEq9atUw7lualXB+knvgtvwkCEvGWV2gDD/8qnASzBkzEARZck9JAyxmY8OS6Nc1pCPEgDTKNcx+YqqYfzArw=="
    },
    "node_modules/scheduler": {
      "version": "0.23.0",
      "resolved": "https://registry.npmjs.org/scheduler/-/scheduler-0.23.0.tgz",
      "integrity": "sha512-CtuThmgHNg7zIZWAXi3AsyIzA3n4xx7aNyjwC2VJldO2LMVDhFK+63xGqq6CsJH4rTAt6/M+N4GhZiDYPx9eUw==",
      "peer": true,
      "dependencies": {
        "loose-envify": "^1.1.0"
      }
    },
    "node_modules/standardized-audio-context": {
      "version": "25.3.70",
      "resolved": "https://registry.npmjs.org/standardized-audio-context/-/standardized-audio-context-25.3.70.tgz",
      "integrity": "sha512-v07apb+yDztoTrYu6aU4DZGbbO/gkcyC/P+u+SCalDFq+eUp5kbQYnxS8Z/6tA2Vnm/YslhVaR5VzsCYafg3BQ==",
      "dependencies": {
        "@babel/runtime": "^7.24.4",
        "automation-events": "^7.0.4",
        "tslib": "^2.6.2"
      }
    },
    "node_modules/standardized-audio-context/node_modules/tslib": {
      "version": "2.6.2",
      "resolved": "https://registry.npmjs.org/tslib/-/tslib-2.6.2.tgz",
      "integrity": "sha512-AEYxH93jGFPn/a2iVAwW87VuUIkR1FVUKB77NwMF7nBTDkDrrT/Hpt/IrCJ0QXhW27jTBDcf5ZY7w6RiqTMw2Q=="
    },
    "node_modules/subscribable-things": {
      "version": "2.1.35",
      "resolved": "https://registry.npmjs.org/subscribable-things/-/subscribable-things-2.1.35.tgz",
      "integrity": "sha512-fc3cbL+IQwr+HmTExOjfgYYIcu0xvhSh/p7tAz+ojMccRtcJDXdpTUH+roex64YPo6Ku7SmF4Zf0FzmNU5/k3A==",
      "dependencies": {
        "@babel/runtime": "^7.24.4",
        "rxjs-interop": "^2.0.0",
        "tslib": "^2.6.2"
      }
    },
    "node_modules/subscribable-things/node_modules/tslib": {
      "version": "2.6.2",
      "resolved": "https://registry.npmjs.org/tslib/-/tslib-2.6.2.tgz",
      "integrity": "sha512-AEYxH93jGFPn/a2iVAwW87VuUIkR1FVUKB77NwMF7nBTDkDrrT/Hpt/IrCJ0QXhW27jTBDcf5ZY7w6RiqTMw2Q=="
    },
    "node_modules/swr": {
      "version": "2.2.0",
      "resolved": "https://registry.npmjs.org/swr/-/swr-2.2.0.tgz",
      "integrity": "sha512-AjqHOv2lAhkuUdIiBu9xbuettzAzWXmCEcLONNKJRba87WAefz8Ca9d6ds/SzrPc235n1IxWYdhJ2zF3MNUaoQ==",
      "dependencies": {
        "use-sync-external-store": "^1.2.0"
      },
      "peerDependencies": {
        "react": "^16.11.0 || ^17.0.0 || ^18.0.0"
      }
    },
    "node_modules/tslib": {
      "version": "2.4.1",
      "resolved": "https://registry.npmjs.org/tslib/-/tslib-2.4.1.tgz",
      "integrity": "sha512-tGyy4dAjRIEwI7BzsB0lynWgOpfqjUdq91XXAlIWD2OwKBH7oCl/GZG/HT4BOHrTlPMOASlMQ7veyTqpmRcrNA=="
    },
    "node_modules/use-sync-external-store": {
      "version": "1.2.0",
      "resolved": "https://registry.npmjs.org/use-sync-external-store/-/use-sync-external-store-1.2.0.tgz",
      "integrity": "sha512-eEgnFxGQ1Ife9bzYs6VLi8/4X6CObHMw9Qr9tPY43iKwsPw8xE8+EFsf/2cFZ5S3esXgpWgtSCtLNS41F+sKPA==",
      "peerDependencies": {
        "react": "^16.8.0 || ^17.0.0 || ^18.0.0"
      }
    },
    "node_modules/worker-factory": {
      "version": "7.0.24",
      "resolved": "https://registry.npmjs.org/worker-factory/-/worker-factory-7.0.24.tgz",
      "integrity": "sha512-t5j90r0YqkEyp6mbLQ5RHzuAkIyuk+WsFmJ+Fr4vJKNwNoRh66fOXJuLDF1YIJamDXkpUoKhTZUrF7GTx+3iPA==",
      "dependencies": {
        "@babel/runtime": "^7.24.4",
        "fast-unique-numbers": "^9.0.4",
        "tslib": "^2.6.2"
      }
    },
    "node_modules/worker-factory/node_modules/tslib": {
      "version": "2.6.2",
      "resolved": "https://registry.npmjs.org/tslib/-/tslib-2.6.2.tgz",
      "integrity": "sha512-AEYxH93jGFPn/a2iVAwW87VuUIkR1FVUKB77NwMF7nBTDkDrrT/Hpt/IrCJ0QXhW27jTBDcf5ZY7w6RiqTMw2Q=="
    }
  }
}
